# This file was autogenerated by Stack.
# You should not edit this file by hand.
# For more information, please see the documentation at:
#   https://docs.haskellstack.org/en/stable/lock_files

packages:
- completed:
    name: csv-parser
    version: 0.1.0.0
    git: git@github.com:yakagika/CSVParserT.git
    pantry-tree:
      size: 838
      sha256: 4884b2a57425fdc1711c444a42bb499ccd4860add2b17e6a8073dfb18469cb5f
    commit: 7eecbdb43e5733ef7bea567a98ec6d06e6d8b5ad
  original:
    git: git@github.com:yakagika/CSVParserT.git
    commit: 7eecbdb43e5733ef7bea567a98ec6d06e6d8b5ad
snapshots:
- completed:
    size: 523448
    url: https://raw.githubusercontent.com/commercialhaskell/stackage-snapshots/master/lts/14/1.yaml
    sha256: 0045b9bae36c3bb2dd374c29b586389845af1557eea0423958d152fc500d4fbf
  original: lts-14.1
